dependencies:
  idf:
    component_hash: null
    source:
      type: idf
    version: 5.4.1
  joltwallet/littlefs:
    component_hash: 8e12955f47e27e6070b76715a96d6c75fc2b44f069e8c33679332d9bdd3120c4
    source:
      service_url: https://api.components.espressif.com/
      type: service
    version: 1.20.1
manifest_hash: 33bdd92a94543b7ee50225b11349c1fb69320362666e1306a45ee77515dd438f
target: esp32s3
version: 1.0.0
